
Microsoft Visual Studio Solution File, Format Version 12.00
# Visual Studio Version 17
VisualStudioVersion = 17.5.002.0
MinimumVisualStudioVersion = 10.0.40219.1
Project("{9A19103F-16F7-4668-BE54-9A1E7A4F7556}") = "GradeView", "GradeView.csproj", "{067B52F6-8B44-4D6E-85A7-B64BDB00178F}"
EndProject
Global
	GlobalSection(SolutionConfigurationPlatforms) = preSolution
		Debug|Any CPU = Debug|Any CPU
		Release|Any CPU = Release|Any CPU
	EndGlobalSection
	GlobalSection(ProjectConfigurationPlatforms) = postSolution
		{067B52F6-8B44-4D6E-85A7-B64BDB00178F}.Debug|Any CPU.ActiveCfg = Debug|Any CPU
		{067B52F6-8B44-4D6E-85A7-B64BDB00178F}.Debug|Any CPU.Build.0 = Debug|Any CPU
		{067B52F6-8B44-4D6E-85A7-B64BDB00178F}.Release|Any CPU.ActiveCfg = Release|Any CPU
		{067B52F6-8B44-4D6E-85A7-B64BDB00178F}.Release|Any CPU.Build.0 = Release|Any CPU
	EndGlobalSection
	GlobalSection(SolutionProperties) = preSolution
		HideSolutionNode = FALSE
	EndGlobalSection
	GlobalSection(ExtensibilityGlobals) = postSolution
		SolutionGuid = {A2084D8A-9A59-407A-ACA0-B93EDC5C2E92}
	EndGlobalSection
EndGlobal
